// !$*UTF8*$!
{
	archiveVersion = 1;
	classes = {
	};
	objectVersion = 46;
	objects = {

/* Begin PBXBuildFile section */
		7BDD1327C72EAEF350E9F868 /* Pods_SorryApp.framework in Frameworks */ = {isa = PBXBuildFile; fileRef = 9F019E5ED12F754833BAC3D6 /* Pods_SorryApp.framework */; };
		9D4DFDBB1D555AF80061DC81 /* TabBarViewController.swift in Sources */ = {isa = PBXBuildFile; fileRef = 9D4DFDBA1D555AF80061DC81 /* TabBarViewController.swift */; };
		9DB3AEB01D55460800868CEC /* Charts.framework in Frameworks */ = {isa = PBXBuildFile; fileRef = 9DB3AEA91D5545FC00868CEC /* Charts.framework */; };
		9DB3AEB11D55460800868CEC /* Charts.framework in Embed Frameworks */ = {isa = PBXBuildFile; fileRef = 9DB3AEA91D5545FC00868CEC /* Charts.framework */; settings = {ATTRIBUTES = (CodeSignOnCopy, RemoveHeadersOnCopy, ); }; };
		9DE92A221D42D51D000FE901 /* LeaderboardViewController.swift in Sources */ = {isa = PBXBuildFile; fileRef = 9DE92A211D42D51D000FE901 /* LeaderboardViewController.swift */; };
		A11FB06D1D4738B7007286B8 /* FBSDKCoreKit.framework in Frameworks */ = {isa = PBXBuildFile; fileRef = A11FB06A1D4738B7007286B8 /* FBSDKCoreKit.framework */; };
		A11FB06E1D4738B7007286B8 /* FBSDKLoginKit.framework in Frameworks */ = {isa = PBXBuildFile; fileRef = A11FB06B1D4738B7007286B8 /* FBSDKLoginKit.framework */; };
		A11FB06F1D4738B7007286B8 /* FBSDKShareKit.framework in Frameworks */ = {isa = PBXBuildFile; fileRef = A11FB06C1D4738B7007286B8 /* FBSDKShareKit.framework */; };
		A11FB0711D473A9E007286B8 /* LoginViewController.swift in Sources */ = {isa = PBXBuildFile; fileRef = A11FB0701D473A9E007286B8 /* LoginViewController.swift */; };
		A11FB0741D473DB5007286B8 /* bridge.m in Sources */ = {isa = PBXBuildFile; fileRef = A11FB0731D473DB5007286B8 /* bridge.m */; };
		A11FB0761D474396007286B8 /* Bolts.framework in Frameworks */ = {isa = PBXBuildFile; fileRef = A11FB0751D474396007286B8 /* Bolts.framework */; };
		A1B059311D8970A500B2AA2A /* CustomCell.swift in Sources */ = {isa = PBXBuildFile; fileRef = A1B059301D8970A500B2AA2A /* CustomCell.swift */; };
		F8A3BBF01D3F0E9400663D91 /* AppDelegate.swift in Sources */ = {isa = PBXBuildFile; fileRef = F8A3BBEF1D3F0E9400663D91 /* AppDelegate.swift */; };
		F8A3BBF21D3F0E9400663D91 /* FirstViewController.swift in Sources */ = {isa = PBXBuildFile; fileRef = F8A3BBF11D3F0E9400663D91 /* FirstViewController.swift */; };
		F8A3BBF41D3F0E9400663D91 /* SecondViewController.swift in Sources */ = {isa = PBXBuildFile; fileRef = F8A3BBF31D3F0E9400663D91 /* SecondViewController.swift */; };
		F8A3BBF71D3F0E9400663D91 /* Main.storyboard in Resources */ = {isa = PBXBuildFile; fileRef = F8A3BBF51D3F0E9400663D91 /* Main.storyboard */; };
		F8A3BBF91D3F0E9400663D91 /* Assets.xcassets in Resources */ = {isa = PBXBuildFile; fileRef = F8A3BBF81D3F0E9400663D91 /* Assets.xcassets */; };
		F8A3BBFC1D3F0E9400663D91 /* LaunchScreen.storyboard in Resources */ = {isa = PBXBuildFile; fileRef = F8A3BBFA1D3F0E9400663D91 /* LaunchScreen.storyboard */; };
		F8A3BC071D3F0E9400663D91 /* SorryAppTests.swift in Sources */ = {isa = PBXBuildFile; fileRef = F8A3BC061D3F0E9400663D91 /* SorryAppTests.swift */; };
		F8A3BC121D3F0E9400663D91 /* SorryAppUITests.swift in Sources */ = {isa = PBXBuildFile; fileRef = F8A3BC111D3F0E9400663D91 /* SorryAppUITests.swift */; };
/* End PBXBuildFile section */

/* Begin PBXContainerItemProxy section */
		9DB3AEA81D5545FC00868CEC /* PBXContainerItemProxy */ = {
			isa = PBXContainerItemProxy;
			containerPortal = 9DB3AEA11D5545FC00868CEC /* Charts.xcodeproj */;
			proxyType = 2;
			remoteGlobalIDString = 5BA8EC401A9D14DC00CE82E1;
			remoteInfo = "Charts-iOS";
		};
		9DB3AEAA1D5545FC00868CEC /* PBXContainerItemProxy */ = {
			isa = PBXContainerItemProxy;
			containerPortal = 9DB3AEA11D5545FC00868CEC /* Charts.xcodeproj */;
			proxyType = 2;
			remoteGlobalIDString = A52C5C371BAC5CA400594CDD;
			remoteInfo = "Charts-TV";
		};
		9DB3AEAC1D5545FC00868CEC /* PBXContainerItemProxy */ = {
			isa = PBXContainerItemProxy;
			containerPortal = 9DB3AEA11D5545FC00868CEC /* Charts.xcodeproj */;
			proxyType = 2;
			remoteGlobalIDString = 65B3F5BF1C7370BE000983D0;
			remoteInfo = "Charts-OSX";
		};
		9DB3AEAE1D5545FC00868CEC /* PBXContainerItemProxy */ = {
			isa = PBXContainerItemProxy;
			containerPortal = 9DB3AEA11D5545FC00868CEC /* Charts.xcodeproj */;
			proxyType = 2;
			remoteGlobalIDString = 06AEE7A21BDC3F8B009875AE;
			remoteInfo = ChartsTests;
		};
		9DB3AEB21D55460800868CEC /* PBXContainerItemProxy */ = {
			isa = PBXContainerItemProxy;
			containerPortal = 9DB3AEA11D5545FC00868CEC /* Charts.xcodeproj */;
			proxyType = 1;
			remoteGlobalIDString = 5BA8EC3F1A9D14DC00CE82E1;
			remoteInfo = "Charts-iOS";
		};
		F8A3BC031D3F0E9400663D91 /* PBXContainerItemProxy */ = {
			isa = PBXContainerItemProxy;
			containerPortal = F8A3BBE41D3F0E9400663D91 /* Project object */;
			proxyType = 1;
			remoteGlobalIDString = F8A3BBEB1D3F0E9400663D91;
			remoteInfo = SorryApp;
		};
		F8A3BC0E1D3F0E9400663D91 /* PBXContainerItemProxy */ = {
			isa = PBXContainerItemProxy;
			containerPortal = F8A3BBE41D3F0E9400663D91 /* Project object */;
			proxyType = 1;
			remoteGlobalIDString = F8A3BBEB1D3F0E9400663D91;
			remoteInfo = SorryApp;
		};
/* End PBXContainerItemProxy section */

/* Begin PBXCopyFilesBuildPhase section */
		9DB3AEB41D55460900868CEC /* Embed Frameworks */ = {
			isa = PBXCopyFilesBuildPhase;
			buildActionMask = 2147483647;
			dstPath = "";
			dstSubfolderSpec = 10;
			files = (
				9DB3AEB11D55460800868CEC /* Charts.framework in Embed Frameworks */,
			);
			name = "Embed Frameworks";
			runOnlyForDeploymentPostprocessing = 0;
		};
/* End PBXCopyFilesBuildPhase section */

/* Begin PBXFileReference section */
		92469DC7EDDB8B7572E4BAD7 /* Pods-SorryApp.debug.xcconfig */ = {isa = PBXFileReference; includeInIndex = 1; lastKnownFileType = text.xcconfig; name = "Pods-SorryApp.debug.xcconfig"; path = "Pods/Target Support Files/Pods-SorryApp/Pods-SorryApp.debug.xcconfig"; sourceTree = "<group>"; };
		9D4DFDBA1D555AF80061DC81 /* TabBarViewController.swift */ = {isa = PBXFileReference; fileEncoding = 4; lastKnownFileType = sourcecode.swift; path = TabBarViewController.swift; sourceTree = "<group>"; };
		9DB3AEA11D5545FC00868CEC /* Charts.xcodeproj */ = {isa = PBXFileReference; lastKnownFileType = "wrapper.pb-project"; name = Charts.xcodeproj; path = Charts/Charts.xcodeproj; sourceTree = "<group>"; };
		9DE92A211D42D51D000FE901 /* LeaderboardViewController.swift */ = {isa = PBXFileReference; fileEncoding = 4; lastKnownFileType = sourcecode.swift; path = LeaderboardViewController.swift; sourceTree = "<group>"; };
		9F019E5ED12F754833BAC3D6 /* Pods_SorryApp.framework */ = {isa = PBXFileReference; explicitFileType = wrapper.framework; includeInIndex = 0; path = Pods_SorryApp.framework; sourceTree = BUILT_PRODUCTS_DIR; };
		A11FB06A1D4738B7007286B8 /* FBSDKCoreKit.framework */ = {isa = PBXFileReference; lastKnownFileType = wrapper.framework; path = FBSDKCoreKit.framework; sourceTree = "<group>"; };
		A11FB06B1D4738B7007286B8 /* FBSDKLoginKit.framework */ = {isa = PBXFileReference; lastKnownFileType = wrapper.framework; path = FBSDKLoginKit.framework; sourceTree = "<group>"; };
		A11FB06C1D4738B7007286B8 /* FBSDKShareKit.framework */ = {isa = PBXFileReference; lastKnownFileType = wrapper.framework; path = FBSDKShareKit.framework; sourceTree = "<group>"; };
		A11FB0701D473A9E007286B8 /* LoginViewController.swift */ = {isa = PBXFileReference; fileEncoding = 4; lastKnownFileType = sourcecode.swift; path = LoginViewController.swift; sourceTree = "<group>"; };
		A11FB0721D473D99007286B8 /* facebookLoginTest-Bridging-Header.h */ = {isa = PBXFileReference; lastKnownFileType = sourcecode.c.h; path = "facebookLoginTest-Bridging-Header.h"; sourceTree = "<group>"; };
		A11FB0731D473DB5007286B8 /* bridge.m */ = {isa = PBXFileReference; fileEncoding = 4; lastKnownFileType = sourcecode.c.objc; path = bridge.m; sourceTree = "<group>"; };
		A11FB0751D474396007286B8 /* Bolts.framework */ = {isa = PBXFileReference; lastKnownFileType = wrapper.framework; path = Bolts.framework; sourceTree = "<group>"; };
		A1B059301D8970A500B2AA2A /* CustomCell.swift */ = {isa = PBXFileReference; fileEncoding = 4; lastKnownFileType = sourcecode.swift; path = CustomCell.swift; sourceTree = "<group>"; };
		E5E14B8FF36F718D31E622AC /* Pods-SorryApp.release.xcconfig */ = {isa = PBXFileReference; includeInIndex = 1; lastKnownFileType = text.xcconfig; name = "Pods-SorryApp.release.xcconfig"; path = "Pods/Target Support Files/Pods-SorryApp/Pods-SorryApp.release.xcconfig"; sourceTree = "<group>"; };
		F8A3BBEC1D3F0E9400663D91 /* SorryApp.app */ = {isa = PBXFileReference; explicitFileType = wrapper.application; includeInIndex = 0; path = SorryApp.app; sourceTree = BUILT_PRODUCTS_DIR; };
		F8A3BBEF1D3F0E9400663D91 /* AppDelegate.swift */ = {isa = PBXFileReference; lastKnownFileType = sourcecode.swift; path = AppDelegate.swift; sourceTree = "<group>"; };
		F8A3BBF11D3F0E9400663D91 /* FirstViewController.swift */ = {isa = PBXFileReference; lastKnownFileType = sourcecode.swift; path = FirstViewController.swift; sourceTree = "<group>"; };
		F8A3BBF31D3F0E9400663D91 /* SecondViewController.swift */ = {isa = PBXFileReference; lastKnownFileType = sourcecode.swift; path = SecondViewController.swift; sourceTree = "<group>"; };
		F8A3BBF61D3F0E9400663D91 /* Base */ = {isa = PBXFileReference; lastKnownFileType = file.storyboard; name = Base; path = Base.lproj/Main.storyboard; sourceTree = "<group>"; };
		F8A3BBF81D3F0E9400663D91 /* Assets.xcassets */ = {isa = PBXFileReference; lastKnownFileType = folder.assetcatalog; path = Assets.xcassets; sourceTree = "<group>"; };
		F8A3BBFB1D3F0E9400663D91 /* Base */ = {isa = PBXFileReference; lastKnownFileType = file.storyboard; name = Base; path = Base.lproj/LaunchScreen.storyboard; sourceTree = "<group>"; };
		F8A3BBFD1D3F0E9400663D91 /* Info.plist */ = {isa = PBXFileReference; lastKnownFileType = text.plist.xml; path = Info.plist; sourceTree = "<group>"; };
		F8A3BC021D3F0E9400663D91 /* SorryAppTests.xctest */ = {isa = PBXFileReference; explicitFileType = wrapper.cfbundle; includeInIndex = 0; path = SorryAppTests.xctest; sourceTree = BUILT_PRODUCTS_DIR; };
		F8A3BC061D3F0E9400663D91 /* SorryAppTests.swift */ = {isa = PBXFileReference; lastKnownFileType = sourcecode.swift; path = SorryAppTests.swift; sourceTree = "<group>"; };
		F8A3BC081D3F0E9400663D91 /* Info.plist */ = {isa = PBXFileReference; lastKnownFileType = text.plist.xml; path = Info.plist; sourceTree = "<group>"; };
		F8A3BC0D1D3F0E9400663D91 /* SorryAppUITests.xctest */ = {isa = PBXFileReference; explicitFileType = wrapper.cfbundle; includeInIndex = 0; path = SorryAppUITests.xctest; sourceTree = BUILT_PRODUCTS_DIR; };
		F8A3BC111D3F0E9400663D91 /* SorryAppUITests.swift */ = {isa = PBXFileReference; lastKnownFileType = sourcecode.swift; path = SorryAppUITests.swift; sourceTree = "<group>"; };
		F8A3BC131D3F0E9400663D91 /* Info.plist */ = {isa = PBXFileReference; lastKnownFileType = text.plist.xml; path = Info.plist; sourceTree = "<group>"; };
/* End PBXFileReference section */

/* Begin PBXFrameworksBuildPhase section */
		F8A3BBE91D3F0E9400663D91 /* Frameworks */ = {
			isa = PBXFrameworksBuildPhase;
			buildActionMask = 2147483647;
			files = (
				A11FB0761D474396007286B8 /* Bolts.framework in Frameworks */,
				A11FB06F1D4738B7007286B8 /* FBSDKShareKit.framework in Frameworks */,
				9DB3AEB01D55460800868CEC /* Charts.framework in Frameworks */,
				A11FB06D1D4738B7007286B8 /* FBSDKCoreKit.framework in Frameworks */,
				A11FB06E1D4738B7007286B8 /* FBSDKLoginKit.framework in Frameworks */,
				7BDD1327C72EAEF350E9F868 /* Pods_SorryApp.framework in Frameworks */,
			);
			runOnlyForDeploymentPostprocessing = 0;
		};
		F8A3BBFF1D3F0E9400663D91 /* Frameworks */ = {
			isa = PBXFrameworksBuildPhase;
			buildActionMask = 2147483647;
			files = (
			);
			runOnlyForDeploymentPostprocessing = 0;
		};
		F8A3BC0A1D3F0E9400663D91 /* Frameworks */ = {
			isa = PBXFrameworksBuildPhase;
			buildActionMask = 2147483647;
			files = (
			);
			runOnlyForDeploymentPostprocessing = 0;
		};
/* End PBXFrameworksBuildPhase section */

/* Begin PBXGroup section */
		9DB3AEA21D5545FC00868CEC /* Products */ = {
			isa = PBXGroup;
			children = (
				9DB3AEA91D5545FC00868CEC /* Charts.framework */,
				9DB3AEAB1D5545FC00868CEC /* Charts.framework */,
				9DB3AEAD1D5545FC00868CEC /* Charts.framework */,
				9DB3AEAF1D5545FC00868CEC /* ChartsTests.xctest */,
			);
			name = Products;
			sourceTree = "<group>";
		};
		F13278548532B891BE578C6D /* Frameworks */ = {
			isa = PBXGroup;
			children = (
				A11FB0751D474396007286B8 /* Bolts.framework */,
				A11FB06A1D4738B7007286B8 /* FBSDKCoreKit.framework */,
				A11FB06B1D4738B7007286B8 /* FBSDKLoginKit.framework */,
				A11FB06C1D4738B7007286B8 /* FBSDKShareKit.framework */,
				9F019E5ED12F754833BAC3D6 /* Pods_SorryApp.framework */,
			);
			name = Frameworks;
			sourceTree = "<group>";
		};
		F8A3BBE31D3F0E9400663D91 = {
			isa = PBXGroup;
			children = (
				F8A3BBEE1D3F0E9400663D91 /* SorryApp */,
				9DB3AEA11D5545FC00868CEC /* Charts.xcodeproj */,
				F8A3BC051D3F0E9400663D91 /* SorryAppTests */,
				F8A3BC101D3F0E9400663D91 /* SorryAppUITests */,
				F8A3BBED1D3F0E9400663D91 /* Products */,
				FF9BFB69EB9B1A8AB864331D /* Pods */,
				F13278548532B891BE578C6D /* Frameworks */,
			);
			sourceTree = "<group>";
		};
		F8A3BBED1D3F0E9400663D91 /* Products */ = {
			isa = PBXGroup;
			children = (
				F8A3BBEC1D3F0E9400663D91 /* SorryApp.app */,
				F8A3BC021D3F0E9400663D91 /* SorryAppTests.xctest */,
				F8A3BC0D1D3F0E9400663D91 /* SorryAppUITests.xctest */,
			);
			name = Products;
			sourceTree = "<group>";
		};
		F8A3BBEE1D3F0E9400663D91 /* SorryApp */ = {
			isa = PBXGroup;
			children = (
				F8A3BBEF1D3F0E9400663D91 /* AppDelegate.swift */,
				A1B059301D8970A500B2AA2A /* CustomCell.swift */,
				A11FB0721D473D99007286B8 /* facebookLoginTest-Bridging-Header.h */,
				A11FB0731D473DB5007286B8 /* bridge.m */,
				F8A3BBF11D3F0E9400663D91 /* FirstViewController.swift */,
				F8A3BBF31D3F0E9400663D91 /* SecondViewController.swift */,
				9DE92A211D42D51D000FE901 /* LeaderboardViewController.swift */,
				F8A3BBF51D3F0E9400663D91 /* Main.storyboard */,
				9D4DFDBA1D555AF80061DC81 /* TabBarViewController.swift */,
				A11FB0701D473A9E007286B8 /* LoginViewController.swift */,
				F8A3BBF81D3F0E9400663D91 /* Assets.xcassets */,
				F8A3BBFA1D3F0E9400663D91 /* LaunchScreen.storyboard */,
				F8A3BBFD1D3F0E9400663D91 /* Info.plist */,
			);
			path = SorryApp;
			sourceTree = "<group>";
		};
		F8A3BC051D3F0E9400663D91 /* SorryAppTests */ = {
			isa = PBXGroup;
			children = (
				F8A3BC061D3F0E9400663D91 /* SorryAppTests.swift */,
				F8A3BC081D3F0E9400663D91 /* Info.plist */,
			);
			path = SorryAppTests;
			sourceTree = "<group>";
		};
		F8A3BC101D3F0E9400663D91 /* SorryAppUITests */ = {
			isa = PBXGroup;
			children = (
				F8A3BC111D3F0E9400663D91 /* SorryAppUITests.swift */,
				F8A3BC131D3F0E9400663D91 /* Info.plist */,
			);
			path = SorryAppUITests;
			sourceTree = "<group>";
		};
		FF9BFB69EB9B1A8AB864331D /* Pods */ = {
			isa = PBXGroup;
			children = (
				92469DC7EDDB8B7572E4BAD7 /* Pods-SorryApp.debug.xcconfig */,
				E5E14B8FF36F718D31E622AC /* Pods-SorryApp.release.xcconfig */,
			);
			name = Pods;
			sourceTree = "<group>";
		};
/* End PBXGroup section */

/* Begin PBXNativeTarget section */
		F8A3BBEB1D3F0E9400663D91 /* SorryApp */ = {
			isa = PBXNativeTarget;
			buildConfigurationList = F8A3BC161D3F0E9400663D91 /* Build configuration list for PBXNativeTarget "SorryApp" */;
			buildPhases = (
				91967A4CBB7B4DAF0FF02336 /* 📦 Check Pods Manifest.lock */,
				66FB71FC8CF50517E7235712 /* [CP] Check Pods Manifest.lock */,
				F8A3BBE81D3F0E9400663D91 /* Sources */,
				F8A3BBE91D3F0E9400663D91 /* Frameworks */,
				F8A3BBEA1D3F0E9400663D91 /* Resources */,
				72F04910A955153A1E050A6A /* [CP] Embed Pods Frameworks */,
				EE07EFD2729100E37FCADDF4 /* [CP] Copy Pods Resources */,
				9DB3AEB41D55460900868CEC /* Embed Frameworks */,
				595F881579E5F912AEFC509A /* 📦 Embed Pods Frameworks */,
				843FF88DFEC62848A1261CCB /* 📦 Copy Pods Resources */,
			);
			buildRules = (
			);
			dependencies = (
				9DB3AEB31D55460800868CEC /* PBXTargetDependency */,
			);
			name = SorryApp;
			productName = SorryApp;
			productReference = F8A3BBEC1D3F0E9400663D91 /* SorryApp.app */;
			productType = "com.apple.product-type.application";
		};
		F8A3BC011D3F0E9400663D91 /* SorryAppTests */ = {
			isa = PBXNativeTarget;
			buildConfigurationList = F8A3BC191D3F0E9400663D91 /* Build configuration list for PBXNativeTarget "SorryAppTests" */;
			buildPhases = (
				F8A3BBFE1D3F0E9400663D91 /* Sources */,
				F8A3BBFF1D3F0E9400663D91 /* Frameworks */,
				F8A3BC001D3F0E9400663D91 /* Resources */,
			);
			buildRules = (
			);
			dependencies = (
				F8A3BC041D3F0E9400663D91 /* PBXTargetDependency */,
			);
			name = SorryAppTests;
			productName = SorryAppTests;
			productReference = F8A3BC021D3F0E9400663D91 /* SorryAppTests.xctest */;
			productType = "com.apple.product-type.bundle.unit-test";
		};
		F8A3BC0C1D3F0E9400663D91 /* SorryAppUITests */ = {
			isa = PBXNativeTarget;
			buildConfigurationList = F8A3BC1C1D3F0E9400663D91 /* Build configuration list for PBXNativeTarget "SorryAppUITests" */;
			buildPhases = (
				F8A3BC091D3F0E9400663D91 /* Sources */,
				F8A3BC0A1D3F0E9400663D91 /* Frameworks */,
				F8A3BC0B1D3F0E9400663D91 /* Resources */,
			);
			buildRules = (
			);
			dependencies = (
				F8A3BC0F1D3F0E9400663D91 /* PBXTargetDependency */,
			);
			name = SorryAppUITests;
			productName = SorryAppUITests;
			productReference = F8A3BC0D1D3F0E9400663D91 /* SorryAppUITests.xctest */;
			productType = "com.apple.product-type.bundle.ui-testing";
		};
/* End PBXNativeTarget section */

/* Begin PBXProject section */
		F8A3BBE41D3F0E9400663D91 /* Project object */ = {
			isa = PBXProject;
			attributes = {
				LastSwiftUpdateCheck = 0730;
				LastUpgradeCheck = 0730;
				ORGANIZATIONNAME = "Arvindram Krishnamoorthy";
				TargetAttributes = {
					F8A3BBEB1D3F0E9400663D91 = {
						CreatedOnToolsVersion = 7.3.1;
						DevelopmentTeam = Z9DV845KQC;
					};
					F8A3BC011D3F0E9400663D91 = {
						CreatedOnToolsVersion = 7.3.1;
						TestTargetID = F8A3BBEB1D3F0E9400663D91;
					};
					F8A3BC0C1D3F0E9400663D91 = {
						CreatedOnToolsVersion = 7.3.1;
						TestTargetID = F8A3BBEB1D3F0E9400663D91;
					};
				};
			};
			buildConfigurationList = F8A3BBE71D3F0E9400663D91 /* Build configuration list for PBXProject "SorryApp" */;
			compatibilityVersion = "Xcode 3.2";
			developmentRegion = English;
			hasScannedForEncodings = 0;
			knownRegions = (
				en,
				Base,
			);
			mainGroup = F8A3BBE31D3F0E9400663D91;
			productRefGroup = F8A3BBED1D3F0E9400663D91 /* Products */;
			projectDirPath = "";
			projectReferences = (
				{
					ProductGroup = 9DB3AEA21D5545FC00868CEC /* Products */;
					ProjectRef = 9DB3AEA11D5545FC00868CEC /* Charts.xcodeproj */;
				},
			);
			projectRoot = "";
			targets = (
				F8A3BBEB1D3F0E9400663D91 /* SorryApp */,
				F8A3BC011D3F0E9400663D91 /* SorryAppTests */,
				F8A3BC0C1D3F0E9400663D91 /* SorryAppUITests */,
			);
		};
/* End PBXProject section */

/* Begin PBXReferenceProxy section */
		9DB3AEA91D5545FC00868CEC /* Charts.framework */ = {
			isa = PBXReferenceProxy;
			fileType = wrapper.framework;
			path = Charts.framework;
			remoteRef = 9DB3AEA81D5545FC00868CEC /* PBXContainerItemProxy */;
			sourceTree = BUILT_PRODUCTS_DIR;
		};
		9DB3AEAB1D5545FC00868CEC /* Charts.framework */ = {
			isa = PBXReferenceProxy;
			fileType = wrapper.framework;
			path = Charts.framework;
			remoteRef = 9DB3AEAA1D5545FC00868CEC /* PBXContainerItemProxy */;
			sourceTree = BUILT_PRODUCTS_DIR;
		};
		9DB3AEAD1D5545FC00868CEC /* Charts.framework */ = {
			isa = PBXReferenceProxy;
			fileType = wrapper.framework;
			path = Charts.framework;
			remoteRef = 9DB3AEAC1D5545FC00868CEC /* PBXContainerItemProxy */;
			sourceTree = BUILT_PRODUCTS_DIR;
		};
		9DB3AEAF1D5545FC00868CEC /* ChartsTests.xctest */ = {
			isa = PBXReferenceProxy;
			fileType = wrapper.cfbundle;
			path = ChartsTests.xctest;
			remoteRef = 9DB3AEAE1D5545FC00868CEC /* PBXContainerItemProxy */;
			sourceTree = BUILT_PRODUCTS_DIR;
		};
/* End PBXReferenceProxy section */

/* Begin PBXResourcesBuildPhase section */
		F8A3BBEA1D3F0E9400663D91 /* Resources */ = {
			isa = PBXResourcesBuildPhase;
			buildActionMask = 2147483647;
			files = (
				F8A3BBFC1D3F0E9400663D91 /* LaunchScreen.storyboard in Resources */,
				F8A3BBF91D3F0E9400663D91 /* Assets.xcassets in Resources */,
				F8A3BBF71D3F0E9400663D91 /* Main.storyboard in Resources */,
			);
			runOnlyForDeploymentPostprocessing = 0;
		};
		F8A3BC001D3F0E9400663D91 /* Resources */ = {
			isa = PBXResourcesBuildPhase;
			buildActionMask = 2147483647;
			files = (
			);
			runOnlyForDeploymentPostprocessing = 0;
		};
		F8A3BC0B1D3F0E9400663D91 /* Resources */ = {
			isa = PBXResourcesBuildPhase;
			buildActionMask = 2147483647;
			files = (
			);
			runOnlyForDeploymentPostprocessing = 0;
		};
/* End PBXResourcesBuildPhase section */

/* Begin PBXShellScriptBuildPhase section */
		595F881579E5F912AEFC509A /* 📦 Embed Pods Frameworks */ = {
			isa = PBXShellScriptBuildPhase;
			buildActionMask = 2147483647;
			files = (
			);
			inputPaths = (
			);
			name = "📦 Embed Pods Frameworks";
			outputPaths = (
			);
			runOnlyForDeploymentPostprocessing = 0;
			shellPath = /bin/sh;
			shellScript = "\"${SRCROOT}/Pods/Target Support Files/Pods-SorryApp/Pods-SorryApp-frameworks.sh\"\n";
			showEnvVarsInLog = 0;
		};
		66FB71FC8CF50517E7235712 /* [CP] Check Pods Manifest.lock */ = {
			isa = PBXShellScriptBuildPhase;
			buildActionMask = 2147483647;
			files = (
			);
			inputPaths = (
			);
			name = "[CP] Check Pods Manifest.lock";
			outputPaths = (
			);
			runOnlyForDeploymentPostprocessing = 0;
			shellPath = /bin/sh;
			shellScript = "diff \"${PODS_ROOT}/../Podfile.lock\" \"${PODS_ROOT}/Manifest.lock\" > /dev/null\nif [[ $? != 0 ]] ; then\n    cat << EOM\nerror: The sandbox is not in sync with the Podfile.lock. Run 'pod install' or update your CocoaPods installation.\nEOM\n    exit 1\nfi\n";
			showEnvVarsInLog = 0;
		};
		72F04910A955153A1E050A6A /* [CP] Embed Pods Frameworks */ = {
			isa = PBXShellScriptBuildPhase;
			buildActionMask = 2147483647;
			files = (
			);
			inputPaths = (
			);
			name = "[CP] Embed Pods Frameworks";
			outputPaths = (
			);
			runOnlyForDeploymentPostprocessing = 0;
			shellPath = /bin/sh;
			shellScript = "\"${SRCROOT}/Pods/Target Support Files/Pods-SorryApp/Pods-SorryApp-frameworks.sh\"\n";
			showEnvVarsInLog = 0;
		};
		843FF88DFEC62848A1261CCB /* 📦 Copy Pods Resources */ = {
			isa = PBXShellScriptBuildPhase;
			buildActionMask = 2147483647;
			files = (
			);
			inputPaths = (
			);
			name = "📦 Copy Pods Resources";
			outputPaths = (
			);
			runOnlyForDeploymentPostprocessing = 0;
			shellPath = /bin/sh;
			shellScript = "\"${SRCROOT}/Pods/Target Support Files/Pods-SorryApp/Pods-SorryApp-resources.sh\"\n";
			showEnvVarsInLog = 0;
		};
		91967A4CBB7B4DAF0FF02336 /* 📦 Check Pods Manifest.lock */ = {
			isa = PBXShellScriptBuildPhase;
			buildActionMask = 2147483647;
			files = (
			);
			inputPaths = (
			);
			name = "📦 Check Pods Manifest.lock";
			outputPaths = (
			);
			runOnlyForDeploymentPostprocessing = 0;
			shellPath = /bin/sh;
			shellScript = "diff \"${PODS_ROOT}/../Podfile.lock\" \"${PODS_ROOT}/Manifest.lock\" > /dev/null\nif [[ $? != 0 ]] ; then\n    cat << EOM\nerror: The sandbox is not in sync with the Podfile.lock. Run 'pod install' or update your CocoaPods installation.\nEOM\n    exit 1\nfi\n";
			showEnvVarsInLog = 0;
		};
		EE07EFD2729100E37FCADDF4 /* [CP] Copy Pods Resources */ = {
			isa = PBXShellScriptBuildPhase;
			buildActionMask = 2147483647;
			files = (
			);
			inputPaths = (
			);
			name = "[CP] Copy Pods Resources";
			outputPaths = (
			);
			runOnlyForDeploymentPostprocessing = 0;
			shellPath = /bin/sh;
			shellScript = "\"${SRCROOT}/Pods/Target Support Files/Pods-SorryApp/Pods-SorryApp-resources.sh\"\n";
			showEnvVarsInLog = 0;
		};
/* End PBXShellScriptBuildPhase section */

/* Begin PBXSourcesBuildPhase section */
		F8A3BBE81D3F0E9400663D91 /* Sources */ = {
			isa = PBXSourcesBuildPhase;
			buildActionMask = 2147483647;
			files = (
				A11FB0741D473DB5007286B8 /* bridge.m in Sources */,
				F8A3BBF41D3F0E9400663D91 /* SecondViewController.swift in Sources */,
				F8A3BBF01D3F0E9400663D91 /* AppDelegate.swift in Sources */,
				9DE92A221D42D51D000FE901 /* LeaderboardViewController.swift in Sources */,
				9D4DFDBB1D555AF80061DC81 /* TabBarViewController.swift in Sources */,
				A11FB0711D473A9E007286B8 /* LoginViewController.swift in Sources */,
				A1B059311D8970A500B2AA2A /* CustomCell.swift in Sources */,
				F8A3BBF21D3F0E9400663D91 /* FirstViewController.swift in Sources */,
			);
			runOnlyForDeploymentPostprocessing = 0;
		};
		F8A3BBFE1D3F0E9400663D91 /* Sources */ = {
			isa = PBXSourcesBuildPhase;
			buildActionMask = 2147483647;
			files = (
				F8A3BC071D3F0E9400663D91 /* SorryAppTests.swift in Sources */,
			);
			runOnlyForDeploymentPostprocessing = 0;
		};
		F8A3BC091D3F0E9400663D91 /* Sources */ = {
			isa = PBXSourcesBuildPhase;
			buildActionMask = 2147483647;
			files = (
				F8A3BC121D3F0E9400663D91 /* SorryAppUITests.swift in Sources */,
			);
			runOnlyForDeploymentPostprocessing = 0;
		};
/* End PBXSourcesBuildPhase section */

/* Begin PBXTargetDependency section */
		9DB3AEB31D55460800868CEC /* PBXTargetDependency */ = {
			isa = PBXTargetDependency;
			name = "Charts-iOS";
			targetProxy = 9DB3AEB21D55460800868CEC /* PBXContainerItemProxy */;
		};
		F8A3BC041D3F0E9400663D91 /* PBXTargetDependency */ = {
			isa = PBXTargetDependency;
			target = F8A3BBEB1D3F0E9400663D91 /* SorryApp */;
			targetProxy = F8A3BC031D3F0E9400663D91 /* PBXContainerItemProxy */;
		};
		F8A3BC0F1D3F0E9400663D91 /* PBXTargetDependency */ = {
			isa = PBXTargetDependency;
			target = F8A3BBEB1D3F0E9400663D91 /* SorryApp */;
			targetProxy = F8A3BC0E1D3F0E9400663D91 /* PBXContainerItemProxy */;
		};
/* End PBXTargetDependency section */

/* Begin PBXVariantGroup section */
		F8A3BBF51D3F0E9400663D91 /* Main.storyboard */ = {
			isa = PBXVariantGroup;
			children = (
				F8A3BBF61D3F0E9400663D91 /* Base */,
			);
			name = Main.storyboard;
			sourceTree = "<group>";
		};
		F8A3BBFA1D3F0E9400663D91 /* LaunchScreen.storyboard */ = {
			isa = PBXVariantGroup;
			children = (
				F8A3BBFB1D3F0E9400663D91 /* Base */,
			);
			name = LaunchScreen.storyboard;
			sourceTree = "<group>";
		};
/* End PBXVariantGroup section */

/* Begin XCBuildConfiguration section */
		F8A3BC141D3F0E9400663D91 /* Debug */ = {
			isa = XCBuildConfiguration;
			buildSettings = {
				ALWAYS_SEARCH_USER_PATHS = NO;
				CLANG_ANALYZER_NONNULL = YES;
				CLANG_CXX_LANGUAGE_STANDARD = "gnu++0x";
				CLANG_CXX_LIBRARY = "libc++";
				CLANG_ENABLE_MODULES = YES;
				CLANG_ENABLE_OBJC_ARC = YES;
				CLANG_WARN_BOOL_CONVERSION = YES;
				CLANG_WARN_CONSTANT_CONVERSION = YES;
				CLANG_WARN_DIRECT_OBJC_ISA_USAGE = YES_ERROR;
				CLANG_WARN_EMPTY_BODY = YES;
				CLANG_WARN_ENUM_CONVERSION = YES;
				CLANG_WARN_INT_CONVERSION = YES;
				CLANG_WARN_OBJC_ROOT_CLASS = YES_ERROR;
				CLANG_WARN_UNREACHABLE_CODE = YES;
				CLANG_WARN__DUPLICATE_METHOD_MATCH = YES;
				"CODE_SIGN_IDENTITY[sdk=iphoneos*]" = "iPhone Developer";
				COPY_PHASE_STRIP = NO;
				DEBUG_INFORMATION_FORMAT = dwarf;
				ENABLE_STRICT_OBJC_MSGSEND = YES;
				ENABLE_TESTABILITY = YES;
				GCC_C_LANGUAGE_STANDARD = gnu99;
				GCC_DYNAMIC_NO_PIC = NO;
				GCC_NO_COMMON_BLOCKS = YES;
				GCC_OPTIMIZATION_LEVEL = 0;
				GCC_PREPROCESSOR_DEFINITIONS = (
					"DEBUG=1",
					"$(inherited)",
				);
				GCC_WARN_64_TO_32_BIT_CONVERSION = YES;
				GCC_WARN_ABOUT_RETURN_TYPE = YES_ERROR;
				GCC_WARN_UNDECLARED_SELECTOR = YES;
				GCC_WARN_UNINITIALIZED_AUTOS = YES_AGGRESSIVE;
				GCC_WARN_UNUSED_FUNCTION = YES;
				GCC_WARN_UNUSED_VARIABLE = YES;
				IPHONEOS_DEPLOYMENT_TARGET = 9.3;
				MTL_ENABLE_DEBUG_INFO = YES;
				ONLY_ACTIVE_ARCH = YES;
				SDKROOT = iphoneos;
				SWIFT_OPTIMIZATION_LEVEL = "-Onone";
				TARGETED_DEVICE_FAMILY = "1,2";
			};
			name = Debug;
		};
		F8A3BC151D3F0E9400663D91 /* Release */ = {
			isa = XCBuildConfiguration;
			buildSettings = {
				ALWAYS_SEARCH_USER_PATHS = NO;
				CLANG_ANALYZER_NONNULL = YES;
				CLANG_CXX_LANGUAGE_STANDARD = "gnu++0x";
				CLANG_CXX_LIBRARY = "libc++";
				CLANG_ENABLE_MODULES = YES;
				CLANG_ENABLE_OBJC_ARC = YES;
				CLANG_WARN_BOOL_CONVERSION = YES;
				CLANG_WARN_CONSTANT_CONVERSION = YES;
				CLANG_WARN_DIRECT_OBJC_ISA_USAGE = YES_ERROR;
				CLANG_WARN_EMPTY_BODY = YES;
				CLANG_WARN_ENUM_CONVERSION = YES;
				CLANG_WARN_INT_CONVERSION = YES;
				CLANG_WARN_OBJC_ROOT_CLASS = YES_ERROR;
				CLANG_WARN_UNREACHABLE_CODE = YES;
				CLANG_WARN__DUPLICATE_METHOD_MATCH = YES;
				"CODE_SIGN_IDENTITY[sdk=iphoneos*]" = "iPhone Developer";
				COPY_PHASE_STRIP = NO;
				DEBUG_INFORMATION_FORMAT = "dwarf-with-dsym";
				ENABLE_NS_ASSERTIONS = NO;
				ENABLE_STRICT_OBJC_MSGSEND = YES;
				GCC_C_LANGUAGE_STANDARD = gnu99;
				GCC_NO_COMMON_BLOCKS = YES;
				GCC_WARN_64_TO_32_BIT_CONVERSION = YES;
				GCC_WARN_ABOUT_RETURN_TYPE = YES_ERROR;
				GCC_WARN_UNDECLARED_SELECTOR = YES;
				GCC_WARN_UNINITIALIZED_AUTOS = YES_AGGRESSIVE;
				GCC_WARN_UNUSED_FUNCTION = YES;
				GCC_WARN_UNUSED_VARIABLE = YES;
				IPHONEOS_DEPLOYMENT_TARGET = 9.3;
				MTL_ENABLE_DEBUG_INFO = NO;
				SDKROOT = iphoneos;
				TARGETED_DEVICE_FAMILY = "1,2";
				VALIDATE_PRODUCT = YES;
			};
			name = Release;
		};
		F8A3BC171D3F0E9400663D91 /* Debug */ = {
			isa = XCBuildConfiguration;
			baseConfigurationReference = 92469DC7EDDB8B7572E4BAD7 /* Pods-SorryApp.debug.xcconfig */;
			buildSettings = {
				ASSETCATALOG_COMPILER_APPICON_NAME = AppIcon;
				CODE_SIGN_IDENTITY = "iPhone Developer";
				"CODE_SIGN_IDENTITY[sdk=iphoneos*]" = "iPhone Developer";
				EMBEDDED_CONTENT_CONTAINS_SWIFT = YES;
				FRAMEWORK_SEARCH_PATHS = (
					"$(inherited)",
					"$(PROJECT_DIR)",
				);
				INFOPLIST_FILE = SorryApp/Info.plist;
				LD_RUNPATH_SEARCH_PATHS = "$(inherited) @executable_path/Frameworks";
				PRODUCT_BUNDLE_IDENTIFIER = com.karvi95.ischool.SorryApp;
				PRODUCT_NAME = "$(TARGET_NAME)";
				PROVISIONING_PROFILE = "";
			};
			name = Debug;
		};
		F8A3BC181D3F0E9400663D91 /* Release */ = {
			isa = XCBuildConfiguration;
			baseConfigurationReference = E5E14B8FF36F718D31E622AC /* Pods-SorryApp.release.xcconfig */;
			buildSettings = {
				ASSETCATALOG_COMPILER_APPICON_NAME = AppIcon;
				CODE_SIGN_IDENTITY = "iPhone Developer";
				"CODE_SIGN_IDENTITY[sdk=iphoneos*]" = "iPhone Developer";
				EMBEDDED_CONTENT_CONTAINS_SWIFT = YES;
				FRAMEWORK_SEARCH_PATHS = (
					"$(inherited)",
					"$(PROJECT_DIR)",
				);
				INFOPLIST_FILE = SorryApp/Info.plist;
				LD_RUNPATH_SEARCH_PATHS = "$(inherited) @executable_path/Frameworks";
				PRODUCT_BUNDLE_IDENTIFIER = com.karvi95.ischool.SorryApp;
				PRODUCT_NAME = "$(TARGET_NAME)";
				PROVISIONING_PROFILE = "";
			};
			name = Release;
		};
		F8A3BC1A1D3F0E9400663D91 /* Debug */ = {
			isa = XCBuildConfiguration;
			buildSettings = {
				INFOPLIST_FILE = SorryAppTests/Info.plist;
				LD_RUNPATH_SEARCH_PATHS = "$(inherited) @executable_path/Frameworks @loader_path/Frameworks";
				PRODUCT_BUNDLE_IDENTIFIER = com.karvi95.ischool.SorryAppTests;
				PRODUCT_NAME = "$(TARGET_NAME)";
				TEST_HOST = "$(BUILT_PRODUCTS_DIR)/SorryApp.app/SorryApp";
			};
			name = Debug;
		};
		F8A3BC1B1D3F0E9400663D91 /* Release */ = {
			isa = XCBuildConfiguration;
			buildSettings = {
				INFOPLIST_FILE = SorryAppTests/Info.plist;
				LD_RUNPATH_SEARCH_PATHS = "$(inherited) @executable_path/Frameworks @loader_path/Frameworks";
				PRODUCT_BUNDLE_IDENTIFIER = com.karvi95.ischool.SorryAppTests;
				PRODUCT_NAME = "$(TARGET_NAME)";
				TEST_HOST = "$(BUILT_PRODUCTS_DIR)/SorryApp.app/SorryApp";
			};
			name = Release;
		};
		F8A3BC1D1D3F0E9400663D91 /* Debug */ = {
			isa = XCBuildConfiguration;
			buildSettings = {
				INFOPLIST_FILE = SorryAppUITests/Info.plist;
				LD_RUNPATH_SEARCH_PATHS = "$(inherited) @executable_path/Frameworks @loader_path/Frameworks";
				PRODUCT_BUNDLE_IDENTIFIER = com.karvi95.ischool.SorryAppUITests;
				PRODUCT_NAME = "$(TARGET_NAME)";
				TEST_TARGET_NAME = SorryApp;
			};
			name = Debug;
		};
		F8A3BC1E1D3F0E9400663D91 /* Release */ = {
			isa = XCBuildConfiguration;
			buildSettings = {
				INFOPLIST_FILE = SorryAppUITests/Info.plist;
				LD_RUNPATH_SEARCH_PATHS = "$(inherited) @executable_path/Frameworks @loader_path/Frameworks";
				PRODUCT_BUNDLE_IDENTIFIER = com.karvi95.ischool.SorryAppUITests;
				PRODUCT_NAME = "$(TARGET_NAME)";
				TEST_TARGET_NAME = SorryApp;
			};
			name = Release;
		};
/* End XCBuildConfiguration section */

/* Begin XCConfigurationList section */
		F8A3BBE71D3F0E9400663D91 /* Build configuration list for PBXProject "SorryApp" */ = {
			isa = XCConfigurationList;
			buildConfigurations = (
				F8A3BC141D3F0E9400663D91 /* Debug */,
				F8A3BC151D3F0E9400663D91 /* Release */,
			);
			defaultConfigurationIsVisible = 0;
			defaultConfigurationName = Release;
		};
		F8A3BC161D3F0E9400663D91 /* Build configuration list for PBXNativeTarget "SorryApp" */ = {
			isa = XCConfigurationList;
			buildConfigurations = (
				F8A3BC171D3F0E9400663D91 /* Debug */,
				F8A3BC181D3F0E9400663D91 /* Release */,
			);
			defaultConfigurationIsVisible = 0;
			defaultConfigurationName = Release;
		};
		F8A3BC191D3F0E9400663D91 /* Build configuration list for PBXNativeTarget "SorryAppTests" */ = {
			isa = XCConfigurationList;
			buildConfigurations = (
				F8A3BC1A1D3F0E9400663D91 /* Debug */,
				F8A3BC1B1D3F0E9400663D91 /* Release */,
			);
			defaultConfigurationIsVisible = 0;
			defaultConfigurationName = Release;
		};
		F8A3BC1C1D3F0E9400663D91 /* Build configuration list for PBXNativeTarget "SorryAppUITests" */ = {
			isa = XCConfigurationList;
			buildConfigurations = (
				F8A3BC1D1D3F0E9400663D91 /* Debug */,
				F8A3BC1E1D3F0E9400663D91 /* Release */,
			);
			defaultConfigurationIsVisible = 0;
			defaultConfigurationName = Release;
		};
/* End XCConfigurationList section */
	};
	rootObject = F8A3BBE41D3F0E9400663D91 /* Project object */;
}
